// !$*UTF8*$!
{
	archiveVersion = 1;
	classes = {
	};
	objectVersion = 50;
	objects = {

/* Begin PBXBuildFile section */
		859ACE61231A940B00AF863A /* AppDelegate.swift in Sources */ = {isa = PBXBuildFile; fileRef = 859ACE60231A940B00AF863A /* AppDelegate.swift */; };
		859ACE63231A940B00AF863A /* welcomeVC.swift in Sources */ = {isa = PBXBuildFile; fileRef = 859ACE62231A940B00AF863A /* welcomeVC.swift */; };
		859ACE66231A940B00AF863A /* Main.storyboard in Resources */ = {isa = PBXBuildFile; fileRef = 859ACE64231A940B00AF863A /* Main.storyboard */; };
		859ACE68231A940C00AF863A /* Assets.xcassets in Resources */ = {isa = PBXBuildFile; fileRef = 859ACE67231A940C00AF863A /* Assets.xcassets */; };
		859ACE6B231A940C00AF863A /* LaunchScreen.storyboard in Resources */ = {isa = PBXBuildFile; fileRef = 859ACE69231A940C00AF863A /* LaunchScreen.storyboard */; };
		859ACE74231AA1E900AF863A /* BorderButton.swift in Sources */ = {isa = PBXBuildFile; fileRef = 859ACE73231AA1E900AF863A /* BorderButton.swift */; };
		85C08A7A231BF18C003C536D /* leagueVC.swift in Sources */ = {isa = PBXBuildFile; fileRef = 85C08A79231BF18C003C536D /* leagueVC.swift */; };
		85C08A7C231BF1EB003C536D /* SkillVC.swift in Sources */ = {isa = PBXBuildFile; fileRef = 85C08A7B231BF1EB003C536D /* SkillVC.swift */; };
		85C08A7E231C0A71003C536D /* Player.swift in Sources */ = {isa = PBXBuildFile; fileRef = 85C08A7D231C0A71003C536D /* Player.swift */; };
/* End PBXBuildFile section */

/* Begin PBXFileReference section */
		859ACE5D231A940B00AF863A /* app-swoosh.app */ = {isa = PBXFileReference; explicitFileType = wrapper.application; includeInIndex = 0; path = "app-swoosh.app"; sourceTree = BUILT_PRODUCTS_DIR; };
		859ACE60231A940B00AF863A /* AppDelegate.swift */ = {isa = PBXFileReference; lastKnownFileType = sourcecode.swift; path = AppDelegate.swift; sourceTree = "<group>"; };
		859ACE62231A940B00AF863A /* welcomeVC.swift */ = {isa = PBXFileReference; lastKnownFileType = sourcecode.swift; path = welcomeVC.swift; sourceTree = "<group>"; };
		859ACE65231A940B00AF863A /* Base */ = {isa = PBXFileReference; lastKnownFileType = file.storyboard; name = Base; path = Base.lproj/Main.storyboard; sourceTree = "<group>"; };
		859ACE67231A940C00AF863A /* Assets.xcassets */ = {isa = PBXFileReference; lastKnownFileType = folder.assetcatalog; path = Assets.xcassets; sourceTree = "<group>"; };
		859ACE6A231A940C00AF863A /* Base */ = {isa = PBXFileReference; lastKnownFileType = file.storyboard; name = Base; path = Base.lproj/LaunchScreen.storyboard; sourceTree = "<group>"; };
		859ACE6C231A940C00AF863A /* Info.plist */ = {isa = PBXFileReference; lastKnownFileType = text.plist.xml; path = Info.plist; sourceTree = "<group>"; };
		859ACE73231AA1E900AF863A /* BorderButton.swift */ = {isa = PBXFileReference; lastKnownFileType = sourcecode.swift; path = BorderButton.swift; sourceTree = "<group>"; };
		85C08A79231BF18C003C536D /* leagueVC.swift */ = {isa = PBXFileReference; lastKnownFileType = sourcecode.swift; path = leagueVC.swift; sourceTree = "<group>"; };
		85C08A7B231BF1EB003C536D /* SkillVC.swift */ = {isa = PBXFileReference; lastKnownFileType = sourcecode.swift; path = SkillVC.swift; sourceTree = "<group>"; };
		85C08A7D231C0A71003C536D /* Player.swift */ = {isa = PBXFileReference; lastKnownFileType = sourcecode.swift; path = Player.swift; sourceTree = "<group>"; };
/* End PBXFileReference section */

/* Begin PBXFrameworksBuildPhase section */
		859ACE5A231A940B00AF863A /* Frameworks */ = {
			isa = PBXFrameworksBuildPhase;
			buildActionMask = 2147483647;
			files = (
			);
			runOnlyForDeploymentPostprocessing = 0;
		};
/* End PBXFrameworksBuildPhase section */

/* Begin PBXGroup section */
		859ACE54231A940B00AF863A = {
			isa = PBXGroup;
			children = (
				859ACE5F231A940B00AF863A /* app-swoosh */,
				859ACE5E231A940B00AF863A /* Products */,
			);
			sourceTree = "<group>";
		};
		859ACE5E231A940B00AF863A /* Products */ = {
			isa = PBXGroup;
			children = (
				859ACE5D231A940B00AF863A /* app-swoosh.app */,
			);
			name = Products;
			sourceTree = "<group>";
		};
		859ACE5F231A940B00AF863A /* app-swoosh */ = {
			isa = PBXGroup;
			children = (
				85C08A78231BEFAC003C536D /* Model */,
				85C08A77231BEFA3003C536D /* Controller */,
				859ACE72231AA1B900AF863A /* View */,
				859ACE60231A940B00AF863A /* AppDelegate.swift */,
				859ACE64231A940B00AF863A /* Main.storyboard */,
				859ACE67231A940C00AF863A /* Assets.xcassets */,
				859ACE69231A940C00AF863A /* LaunchScreen.storyboard */,
				859ACE6C231A940C00AF863A /* Info.plist */,
			);
			path = "app-swoosh";
			sourceTree = "<group>";
		};
		859ACE72231AA1B900AF863A /* View */ = {
			isa = PBXGroup;
			children = (
				859ACE73231AA1E900AF863A /* BorderButton.swift */,
			);
			path = View;
			sourceTree = "<group>";
		};
		85C08A77231BEFA3003C536D /* Controller */ = {
			isa = PBXGroup;
			children = (
				859ACE62231A940B00AF863A /* welcomeVC.swift */,
				85C08A79231BF18C003C536D /* leagueVC.swift */,
				85C08A7B231BF1EB003C536D /* SkillVC.swift */,
			);
			path = Controller;
			sourceTree = "<group>";
		};
		85C08A78231BEFAC003C536D /* Model */ = {
			isa = PBXGroup;
			children = (
				85C08A7D231C0A71003C536D /* Player.swift */,
			);
			path = Model;
			sourceTree = "<group>";
		};
/* End PBXGroup section */

/* Begin PBXNativeTarget section */
		859ACE5C231A940B00AF863A /* app-swoosh */ = {
			isa = PBXNativeTarget;
			buildConfigurationList = 859ACE6F231A940C00AF863A /* Build configuration list for PBXNativeTarget "app-swoosh" */;
			buildPhases = (
				859ACE59231A940B00AF863A /* Sources */,
				859ACE5A231A940B00AF863A /* Frameworks */,
				859ACE5B231A940B00AF863A /* Resources */,
			);
			buildRules = (
			);
			dependencies = (
			);
			name = "app-swoosh";
			productName = "app-swoosh";
			productReference = 859ACE5D231A940B00AF863A /* app-swoosh.app */;
			productType = "com.apple.product-type.application";
		};
/* End PBXNativeTarget section */

/* Begin PBXProject section */
		859ACE55231A940B00AF863A /* Project object */ = {
			isa = PBXProject;
			attributes = {
				LastSwiftUpdateCheck = 1030;
				LastUpgradeCheck = 1030;
				ORGANIZATIONNAME = "Abdallah Ali";
				TargetAttributes = {
					859ACE5C231A940B00AF863A = {
						CreatedOnToolsVersion = 10.3;
					};
				};
			};
			buildConfigurationList = 859ACE58231A940B00AF863A /* Build configuration list for PBXProject "app-swoosh" */;
			compatibilityVersion = "Xcode 9.3";
			developmentRegion = en;
			hasScannedForEncodings = 0;
			knownRegions = (
				en,
				Base,
			);
			mainGroup = 859ACE54231A940B00AF863A;
			productRefGroup = 859ACE5E231A940B00AF863A /* Products */;
			projectDirPath = "";
			projectRoot = "";
			targets = (
				859ACE5C231A940B00AF863A /* app-swoosh */,
			);
		};
/* End PBXProject section */

/* Begin PBXResourcesBuildPhase section */
		859ACE5B231A940B00AF863A /* Resources */ = {
			isa = PBXResourcesBuildPhase;
			buildActionMask = 2147483647;
			files = (
				859ACE6B231A940C00AF863A /* LaunchScreen.storyboard in Resources */,
				859ACE68231A940C00AF863A /* Assets.xcassets in Resources */,
				859ACE66231A940B00AF863A /* Main.storyboard in Resources */,
			);
			runOnlyForDeploymentPostprocessing = 0;
		};
/* End PBXResourcesBuildPhase section */

/* Begin PBXSourcesBuildPhase section */
		859ACE59231A940B00AF863A /* Sources */ = {
			isa = PBXSourcesBuildPhase;
			buildActionMask = 2147483647;
			files = (
				859ACE63231A940B00AF863A /* welcomeVC.swift in Sources */,
				85C08A7E231C0A71003C536D /* Player.swift in Sources */,
				85C08A7A231BF18C003C536D /* leagueVC.swift in Sources */,
				859ACE61231A940B00AF863A /* AppDelegate.swift in Sources */,
				859ACE74231AA1E900AF863A /* BorderButton.swift in Sources */,
				85C08A7C231BF1EB003C536D /* SkillVC.swift in Sources */,
			);
			runOnlyForDeploymentPostprocessing = 0;
		};
/* End PBXSourcesBuildPhase section */

/* Begin PBXVariantGroup section */
		859ACE64231A940B00AF863A /* Main.storyboard */ = {
			isa = PBXVariantGroup;
			children = (
				859ACE65231A940B00AF863A /* Base */,
			);
			name = Main.storyboard;
			sourceTree = "<group>";
		};
		859ACE69231A940C00AF863A /* LaunchScreen.storyboard */ = {
			isa = PBXVariantGroup;
			children = (
				859ACE6A231A940C00AF863A /* Base */,
			);
			name = LaunchScreen.storyboard;
			sourceTree = "<group>";
		};
/* End PBXVariantGroup section */

/* Begin XCBuildConfiguration section */
		859ACE6D231A940C00AF863A /* Debug */ = {
			isa = XCBuildConfiguration;
			buildSettings = {
				ALWAYS_SEARCH_USER_PATHS = NO;
				CLANG_ANALYZER_NONNULL = YES;
				CLANG_ANALYZER_NUMBER_OBJECT_CONVERSION = YES_AGGRESSIVE;
				CLANG_CXX_LANGUAGE_STANDARD = "gnu++14";
				CLANG_CXX_LIBRARY = "libc++";
				CLANG_ENABLE_MODULES = YES;
				CLANG_ENABLE_OBJC_ARC = YES;
				CLANG_ENABLE_OBJC_WEAK = YES;
				CLANG_WARN_BLOCK_CAPTURE_AUTORELEASING = YES;
				CLANG_WARN_BOOL_CONVERSION = YES;
				CLANG_WARN_COMMA = YES;
				CLANG_WARN_CONSTANT_CONVERSION = YES;
				CLANG_WARN_DEPRECATED_OBJC_IMPLEMENTATIONS = YES;
				CLANG_WARN_DIRECT_OBJC_ISA_USAGE = YES_ERROR;
				CLANG_WARN_DOCUMENTATION_COMMENTS = YES;
				CLANG_WARN_EMPTY_BODY = YES;
				CLANG_WARN_ENUM_CONVERSION = YES;
				CLANG_WARN_INFINITE_RECURSION = YES;
				CLANG_WARN_INT_CONVERSION = YES;
				CLANG_WARN_NON_LITERAL_NULL_CONVERSION = YES;
				CLANG_WARN_OBJC_IMPLICIT_RETAIN_SELF = YES;
				CLANG_WARN_OBJC_LITERAL_CONVERSION = YES;
				CLANG_WARN_OBJC_ROOT_CLASS = YES_ERROR;
				CLANG_WARN_RANGE_LOOP_ANALYSIS = YES;
				CLANG_WARN_STRICT_PROTOTYPES = YES;
				CLANG_WARN_SUSPICIOUS_MOVE = YES;
				CLANG_WARN_UNGUARDED_AVAILABILITY = YES_AGGRESSIVE;
				CLANG_WARN_UNREACHABLE_CODE = YES;
				CLANG_WARN__DUPLICATE_METHOD_MATCH = YES;
				CODE_SIGN_IDENTITY = "iPhone Developer";
				COPY_PHASE_STRIP = NO;
				DEBUG_INFORMATION_FORMAT = dwarf;
				ENABLE_STRICT_OBJC_MSGSEND = YES;
				ENABLE_TESTABILITY = YES;
				GCC_C_LANGUAGE_STANDARD = gnu11;
				GCC_DYNAMIC_NO_PIC = NO;
				GCC_NO_COMMON_BLOCKS = YES;
				GCC_OPTIMIZATION_LEVEL = 0;
				GCC_PREPROCESSOR_DEFINITIONS = (
					"DEBUG=1",
					"$(inherited)",
				);
				GCC_WARN_64_TO_32_BIT_CONVERSION = YES;
				GCC_WARN_ABOUT_RETURN_TYPE = YES_ERROR;
				GCC_WARN_UNDECLARED_SELECTOR = YES;
				GCC_WARN_UNINITIALIZED_AUTOS = YES_AGGRESSIVE;
				GCC_WARN_UNUSED_FUNCTION = YES;
				GCC_WARN_UNUSED_VARIABLE = YES;
				IPHONEOS_DEPLOYMENT_TARGET = 12.4;
				MTL_ENABLE_DEBUG_INFO = INCLUDE_SOURCE;
				MTL_FAST_MATH = YES;
				ONLY_ACTIVE_ARCH = YES;
				SDKROOT = iphoneos;
				SWIFT_ACTIVE_COMPILATION_CONDITIONS = DEBUG;
				SWIFT_OPTIMIZATION_LEVEL = "-Onone";
			};
			name = Debug;
		};
		859ACE6E231A940C00AF863A /* Release */ = {
			isa = XCBuildConfiguration;
			buildSettings = {
				ALWAYS_SEARCH_USER_PATHS = NO;
				CLANG_ANALYZER_NONNULL = YES;
				CLANG_ANALYZER_NUMBER_OBJECT_CONVERSION = YES_AGGRESSIVE;
				CLANG_CXX_LANGUAGE_STANDARD = "gnu++14";
				CLANG_CXX_LIBRARY = "libc++";
				CLANG_ENABLE_MODULES = YES;
				CLANG_ENABLE_OBJC_ARC = YES;
				CLANG_ENABLE_OBJC_WEAK = YES;
				CLANG_WARN_BLOCK_CAPTURE_AUTORELEASING = YES;
				CLANG_WARN_BOOL_CONVERSION = YES;
				CLANG_WARN_COMMA = YES;
				CLANG_WARN_CONSTANT_CONVERSION = YES;
				CLANG_WARN_DEPRECATED_OBJC_IMPLEMENTATIONS = YES;
				CLANG_WARN_DIRECT_OBJC_ISA_USAGE = YES_ERROR;
				CLANG_WARN_DOCUMENTATION_COMMENTS = YES;
				CLANG_WARN_EMPTY_BODY = YES;
				CLANG_WARN_ENUM_CONVERSION = YES;
				CLANG_WARN_INFINITE_RECURSION = YES;
				CLANG_WARN_INT_CONVERSION = YES;
				CLANG_WARN_NON_LITERAL_NULL_CONVERSION = YES;
				CLANG_WARN_OBJC_IMPLICIT_RETAIN_SELF = YES;
				CLANG_WARN_OBJC_LITERAL_CONVERSION = YES;
				CLANG_WARN_OBJC_ROOT_CLASS = YES_ERROR;
				CLANG_WARN_RANGE_LOOP_ANALYSIS = YES;
				CLANG_WARN_STRICT_PROTOTYPES = YES;
				CLANG_WARN_SUSPICIOUS_MOVE = YES;
				CLANG_WARN_UNGUARDED_AVAILABILITY = YES_AGGRESSIVE;
				CLANG_WARN_UNREACHABLE_CODE = YES;
				CLANG_WARN__DUPLICATE_METHOD_MATCH = YES;
				CODE_SIGN_IDENTITY = "iPhone Developer";
				COPY_PHASE_STRIP = NO;
				DEBUG_INFORMATION_FORMAT = "dwarf-with-dsym";
				ENABLE_NS_ASSERTIONS = NO;
				ENABLE_STRICT_OBJC_MSGSEND = YES;
				GCC_C_LANGUAGE_STANDARD = gnu11;
				GCC_NO_COMMON_BLOCKS = YES;
				GCC_WARN_64_TO_32_BIT_CONVERSION = YES;
				GCC_WARN_ABOUT_RETURN_TYPE = YES_ERROR;
				GCC_WARN_UNDECLARED_SELECTOR = YES;
				GCC_WARN_UNINITIALIZED_AUTOS = YES_AGGRESSIVE;
				GCC_WARN_UNUSED_FUNCTION = YES;
				GCC_WARN_UNUSED_VARIABLE = YES;
				IPHONEOS_DEPLOYMENT_TARGET = 12.4;
				MTL_ENABLE_DEBUG_INFO = NO;
				MTL_FAST_MATH = YES;
				SDKROOT = iphoneos;
				SWIFT_COMPILATION_MODE = wholemodule;
				SWIFT_OPTIMIZATION_LEVEL = "-O";
				VALIDATE_PRODUCT = YES;
			};
			name = Release;
		};
		859ACE70231A940C00AF863A /* Debug */ = {
			isa = XCBuildConfiguration;
			buildSettings = {
				ASSETCATALOG_COMPILER_APPICON_NAME = AppIcon;
				CODE_SIGN_STYLE = Automatic;
				DEVELOPMENT_TEAM = MBH23373JX;
				INFOPLIST_FILE = "app-swoosh/Info.plist";
				LD_RUNPATH_SEARCH_PATHS = (
					"$(inherited)",
					"@executable_path/Frameworks",
				);
				PRODUCT_BUNDLE_IDENTIFIER = "abdo.test.app-swoosh";
				PRODUCT_NAME = "$(TARGET_NAME)";
				SWIFT_VERSION = 5.0;
				TARGETED_DEVICE_FAMILY = "1,2";
			};
			name = Debug;
		};
		859ACE71231A940C00AF863A /* Release */ = {
			isa = XCBuildConfiguration;
			buildSettings = {
				ASSETCATALOG_COMPILER_APPICON_NAME = AppIcon;
				CODE_SIGN_STYLE = Automatic;
				DEVELOPMENT_TEAM = MBH23373JX;
				INFOPLIST_FILE = "app-swoosh/Info.plist";
				LD_RUNPATH_SEARCH_PATHS = (
					"$(inherited)",
					"@executable_path/Frameworks",
				);
				PRODUCT_BUNDLE_IDENTIFIER = "abdo.test.app-swoosh";
				PRODUCT_NAME = "$(TARGET_NAME)";
				SWIFT_VERSION = 5.0;
				TARGETED_DEVICE_FAMILY = "1,2";
			};
			name = Release;
		};
/* End XCBuildConfiguration section */

/* Begin XCConfigurationList section */
		859ACE58231A940B00AF863A /* Build configuration list for PBXProject "app-swoosh" */ = {
			isa = XCConfigurationList;
			buildConfigurations = (
				859ACE6D231A940C00AF863A /* Debug */,
				859ACE6E231A940C00AF863A /* Release */,
			);
			defaultConfigurationIsVisible = 0;
			defaultConfigurationName = Release;
		};
		859ACE6F231A940C00AF863A /* Build configuration list for PBXNativeTarget "app-swoosh" */ = {
			isa = XCConfigurationList;
			buildConfigurations = (
				859ACE70231A940C00AF863A /* Debug */,
				859ACE71231A940C00AF863A /* Release */,
			);
			defaultConfigurationIsVisible = 0;
			defaultConfigurationName = Release;
		};
/* End XCConfigurationList section */
	};
	rootObject = 859ACE55231A940B00AF863A /* Project object */;
}
